
Microsoft Visual Studio Solution File, Format Version 12.00
# Visual Studio 2012
Project("{FAE04EC0-301F-11D3-BF4B-00C04F79EFBC}") = "WcfChatServer", "WcfChatServer\WcfChatServer.csproj", "{C25F99FC-52A0-43EC-86E4-6B69DA0F5FB2}"
EndProject
Global
	GlobalSection(SolutionConfigurationPlatforms) = preSolution
		Debug|Any CPU = Debug|Any CPU
		Release|Any CPU = Release|Any CPU
	EndGlobalSection
	GlobalSection(ProjectConfigurationPlatforms) = postSolution
		{C25F99FC-52A0-43EC-86E4-6B69DA0F5FB2}.Debug|Any CPU.ActiveCfg = Debug|Any CPU
		{C25F99FC-52A0-43EC-86E4-6B69DA0F5FB2}.Debug|Any CPU.Build.0 = Debug|Any CPU
		{C25F99FC-52A0-43EC-86E4-6B69DA0F5FB2}.Release|Any CPU.ActiveCfg = Release|Any CPU
		{C25F99FC-52A0-43EC-86E4-6B69DA0F5FB2}.Release|Any CPU.Build.0 = Release|Any CPU
	EndGlobalSection
	GlobalSection(SolutionProperties) = preSolution
		HideSolutionNode = FALSE
	EndGlobalSection
EndGlobal
